
Microsoft Visual Studio Solution File, Format Version 12.00
# Visual Studio Version 17
VisualStudioVersion = 17.0.32112.339
MinimumVisualStudioVersion = 10.0.40219.1
Project("{FAE04EC0-301F-11D3-BF4B-00C04F79EFBC}") = "BusStopWP", "BusStopWP\BusStopWP.csproj", "{A8B9B5BD-2057-4E37-AAC1-D72A7BA47DC5}"
EndProject
Global
	GlobalSection(SolutionConfigurationPlatforms) = preSolution
		Debug|Any CPU = Debug|Any CPU
		Release|Any CPU = Release|Any CPU
	EndGlobalSection
	GlobalSection(ProjectConfigurationPlatforms) = postSolution
		{A8B9B5BD-2057-4E37-AAC1-D72A7BA47DC5}.Debug|Any CPU.ActiveCfg = Debug|Any CPU
		{A8B9B5BD-2057-4E37-AAC1-D72A7BA47DC5}.Debug|Any CPU.Build.0 = Debug|Any CPU
		{A8B9B5BD-2057-4E37-AAC1-D72A7BA47DC5}.Release|Any CPU.ActiveCfg = Release|Any CPU
		{A8B9B5BD-2057-4E37-AAC1-D72A7BA47DC5}.Release|Any CPU.Build.0 = Release|Any CPU
	EndGlobalSection
	GlobalSection(SolutionProperties) = preSolution
		HideSolutionNode = FALSE
	EndGlobalSection
	GlobalSection(ExtensibilityGlobals) = postSolution
		SolutionGuid = {ADC79F74-5065-4169-94EA-5A2F00B35CAB}
	EndGlobalSection
EndGlobal
